
Microsoft Visual Studio Solution File, Format Version 12.00
# Visual Studio Version 17
VisualStudioVersion = 17.8.34205.153
MinimumVisualStudioVersion = 10.0.40219.1
Project("{FAE04EC0-301F-11D3-BF4B-00C04F79EFBC}") = "API", "API\API.csproj", "{534609FA-22C4-41BB-951F-26D82A92318B}"
EndProject
Project("{FAE04EC0-301F-11D3-BF4B-00C04F79EFBC}") = "Core", "Core\Core.csproj", "{A87B8C2A-D707-4CAF-84D7-DBFE1ADC105D}"
EndProject
Project("{FAE04EC0-301F-11D3-BF4B-00C04F79EFBC}") = "Infrastructure", "Infrastructure\Infrastructure.csproj", "{052633A8-C893-4B3C-BD39-70A17955B50E}"
EndProject
Global
	GlobalSection(SolutionConfigurationPlatforms) = preSolution
		Debug|Any CPU = Debug|Any CPU
		Release|Any CPU = Release|Any CPU
	EndGlobalSection
	GlobalSection(ProjectConfigurationPlatforms) = postSolution
		{534609FA-22C4-41BB-951F-26D82A92318B}.Debug|Any CPU.ActiveCfg = Debug|Any CPU
		{534609FA-22C4-41BB-951F-26D82A92318B}.Debug|Any CPU.Build.0 = Debug|Any CPU
		{534609FA-22C4-41BB-951F-26D82A92318B}.Release|Any CPU.ActiveCfg = Release|Any CPU
		{534609FA-22C4-41BB-951F-26D82A92318B}.Release|Any CPU.Build.0 = Release|Any CPU
		{A87B8C2A-D707-4CAF-84D7-DBFE1ADC105D}.Debug|Any CPU.ActiveCfg = Debug|Any CPU
		{A87B8C2A-D707-4CAF-84D7-DBFE1ADC105D}.Debug|Any CPU.Build.0 = Debug|Any CPU
		{A87B8C2A-D707-4CAF-84D7-DBFE1ADC105D}.Release|Any CPU.ActiveCfg = Release|Any CPU
		{A87B8C2A-D707-4CAF-84D7-DBFE1ADC105D}.Release|Any CPU.Build.0 = Release|Any CPU
		{052633A8-C893-4B3C-BD39-70A17955B50E}.Debug|Any CPU.ActiveCfg = Debug|Any CPU
		{052633A8-C893-4B3C-BD39-70A17955B50E}.Debug|Any CPU.Build.0 = Debug|Any CPU
		{052633A8-C893-4B3C-BD39-70A17955B50E}.Release|Any CPU.ActiveCfg = Release|Any CPU
		{052633A8-C893-4B3C-BD39-70A17955B50E}.Release|Any CPU.Build.0 = Release|Any CPU
	EndGlobalSection
	GlobalSection(SolutionProperties) = preSolution
		HideSolutionNode = FALSE
	EndGlobalSection
	GlobalSection(ExtensibilityGlobals) = postSolution
		SolutionGuid = {CAF74B63-CC64-4252-AE48-65483321F547}
	EndGlobalSection
EndGlobal
